
Microsoft Visual Studio Solution File, Format Version 12.00
# Visual Studio 2010
Project("{FAE04EC0-301F-11D3-BF4B-00C04F79EFBC}") = "InoSoft.Tools", "InoSoft.Tools\InoSoft.Tools.csproj", "{52CABCDD-0D54-4301-BCAE-100040B04133}"
EndProject
Project("{FAE04EC0-301F-11D3-BF4B-00C04F79EFBC}") = "InoSoft.Tools.Data", "InoSoft.Tools.Data\InoSoft.Tools.Data.csproj", "{EE3919A0-1A5B-4907-9767-AFDC5E1F1AEE}"
EndProject
Project("{FAE04EC0-301F-11D3-BF4B-00C04F79EFBC}") = "InoSoft.Tools.Data.Test", "InoSoft.Tools.Data.Test\InoSoft.Tools.Data.Test.csproj", "{F5FC4A14-A16C-44D7-9556-D2B7CD1BDCBC}"
EndProject
Project("{FAE04EC0-301F-11D3-BF4B-00C04F79EFBC}") = "InoSoft.Tools.Net", "InoSoft.Tools.Net\InoSoft.Tools.Net.csproj", "{A9187D23-A168-4071-8CC9-CF50E336D14B}"
EndProject
Project("{FAE04EC0-301F-11D3-BF4B-00C04F79EFBC}") = "InoSoft.Tools.Sqlver.ConsoleApp", "InoSoft.Tools.Sqlver.Console\InoSoft.Tools.Sqlver.ConsoleApp.csproj", "{0120ED5E-01CF-4B03-956E-087E7390873D}"
EndProject
Project("{FAE04EC0-301F-11D3-BF4B-00C04F79EFBC}") = "InoSoft.Tools.Sqlver", "InoSoft.Tools.Sqlver\InoSoft.Tools.Sqlver.csproj", "{C5A2DCE5-BCBB-449C-8D7D-4812C7A8933B}"
EndProject
Project("{FAE04EC0-301F-11D3-BF4B-00C04F79EFBC}") = "InoSoft.Tools.Mvvm", "InoSoft.Tools.Mvvm\InoSoft.Tools.Mvvm.csproj", "{882D69C2-E58F-4F18-8EAC-36B1290F8535}"
EndProject
Project("{FAE04EC0-301F-11D3-BF4B-00C04F79EFBC}") = "InoSoft.Tools.Testing", "InoSoft.Tools.Testing\InoSoft.Tools.Testing.csproj", "{4AC87F34-3041-47AC-97E3-5CA6D0508C7E}"
EndProject
Project("{FAE04EC0-301F-11D3-BF4B-00C04F79EFBC}") = "InoSoft.Tools.Xml", "InoSoft.Tools.Xml\InoSoft.Tools.Xml.csproj", "{0D377E21-ED45-4AA8-9530-2FA2AC1E3F8A}"
EndProject
Project("{FAE04EC0-301F-11D3-BF4B-00C04F79EFBC}") = "InoSoft.Tools.Zip", "InoSoft.Tools.Zip\InoSoft.Tools.Zip.csproj", "{C976EDC2-D69E-46E4-826C-F038576B56D9}"
EndProject
Global
	GlobalSection(SolutionConfigurationPlatforms) = preSolution
		Debug|Any CPU = Debug|Any CPU
		Debug|Mixed Platforms = Debug|Mixed Platforms
		Debug|x86 = Debug|x86
		Release|Any CPU = Release|Any CPU
		Release|Mixed Platforms = Release|Mixed Platforms
		Release|x86 = Release|x86
	EndGlobalSection
	GlobalSection(ProjectConfigurationPlatforms) = postSolution
		{52CABCDD-0D54-4301-BCAE-100040B04133}.Debug|Any CPU.ActiveCfg = Debug|Any CPU
		{52CABCDD-0D54-4301-BCAE-100040B04133}.Debug|Any CPU.Build.0 = Debug|Any CPU
		{52CABCDD-0D54-4301-BCAE-100040B04133}.Debug|Mixed Platforms.ActiveCfg = Debug|Any CPU
		{52CABCDD-0D54-4301-BCAE-100040B04133}.Debug|Mixed Platforms.Build.0 = Debug|Any CPU
		{52CABCDD-0D54-4301-BCAE-100040B04133}.Debug|x86.ActiveCfg = Debug|Any CPU
		{52CABCDD-0D54-4301-BCAE-100040B04133}.Release|Any CPU.ActiveCfg = Release|Any CPU
		{52CABCDD-0D54-4301-BCAE-100040B04133}.Release|Any CPU.Build.0 = Release|Any CPU
		{52CABCDD-0D54-4301-BCAE-100040B04133}.Release|Mixed Platforms.ActiveCfg = Release|Any CPU
		{52CABCDD-0D54-4301-BCAE-100040B04133}.Release|Mixed Platforms.Build.0 = Release|Any CPU
		{52CABCDD-0D54-4301-BCAE-100040B04133}.Release|x86.ActiveCfg = Release|Any CPU
		{EE3919A0-1A5B-4907-9767-AFDC5E1F1AEE}.Debug|Any CPU.ActiveCfg = Debug|Any CPU
		{EE3919A0-1A5B-4907-9767-AFDC5E1F1AEE}.Debug|Any CPU.Build.0 = Debug|Any CPU
		{EE3919A0-1A5B-4907-9767-AFDC5E1F1AEE}.Debug|Mixed Platforms.ActiveCfg = Debug|Any CPU
		{EE3919A0-1A5B-4907-9767-AFDC5E1F1AEE}.Debug|Mixed Platforms.Build.0 = Debug|Any CPU
		{EE3919A0-1A5B-4907-9767-AFDC5E1F1AEE}.Debug|x86.ActiveCfg = Debug|Any CPU
		{EE3919A0-1A5B-4907-9767-AFDC5E1F1AEE}.Release|Any CPU.ActiveCfg = Release|Any CPU
		{EE3919A0-1A5B-4907-9767-AFDC5E1F1AEE}.Release|Any CPU.Build.0 = Release|Any CPU
		{EE3919A0-1A5B-4907-9767-AFDC5E1F1AEE}.Release|Mixed Platforms.ActiveCfg = Release|Any CPU
		{EE3919A0-1A5B-4907-9767-AFDC5E1F1AEE}.Release|Mixed Platforms.Build.0 = Release|Any CPU
		{EE3919A0-1A5B-4907-9767-AFDC5E1F1AEE}.Release|x86.ActiveCfg = Release|Any CPU
		{F5FC4A14-A16C-44D7-9556-D2B7CD1BDCBC}.Debug|Any CPU.ActiveCfg = Debug|Any CPU
		{F5FC4A14-A16C-44D7-9556-D2B7CD1BDCBC}.Debug|Any CPU.Build.0 = Debug|Any CPU
		{F5FC4A14-A16C-44D7-9556-D2B7CD1BDCBC}.Debug|Mixed Platforms.ActiveCfg = Debug|Any CPU
		{F5FC4A14-A16C-44D7-9556-D2B7CD1BDCBC}.Debug|Mixed Platforms.Build.0 = Debug|Any CPU
		{F5FC4A14-A16C-44D7-9556-D2B7CD1BDCBC}.Debug|x86.ActiveCfg = Debug|Any CPU
		{F5FC4A14-A16C-44D7-9556-D2B7CD1BDCBC}.Release|Any CPU.ActiveCfg = Release|Any CPU
		{F5FC4A14-A16C-44D7-9556-D2B7CD1BDCBC}.Release|Any CPU.Build.0 = Release|Any CPU
		{F5FC4A14-A16C-44D7-9556-D2B7CD1BDCBC}.Release|Mixed Platforms.ActiveCfg = Release|Any CPU
		{F5FC4A14-A16C-44D7-9556-D2B7CD1BDCBC}.Release|Mixed Platforms.Build.0 = Release|Any CPU
		{F5FC4A14-A16C-44D7-9556-D2B7CD1BDCBC}.Release|x86.ActiveCfg = Release|Any CPU
		{A9187D23-A168-4071-8CC9-CF50E336D14B}.Debug|Any CPU.ActiveCfg = Debug|Any CPU
		{A9187D23-A168-4071-8CC9-CF50E336D14B}.Debug|Any CPU.Build.0 = Debug|Any CPU
		{A9187D23-A168-4071-8CC9-CF50E336D14B}.Debug|Mixed Platforms.ActiveCfg = Debug|Any CPU
		{A9187D23-A168-4071-8CC9-CF50E336D14B}.Debug|Mixed Platforms.Build.0 = Debug|Any CPU
		{A9187D23-A168-4071-8CC9-CF50E336D14B}.Debug|x86.ActiveCfg = Debug|Any CPU
		{A9187D23-A168-4071-8CC9-CF50E336D14B}.Release|Any CPU.ActiveCfg = Release|Any CPU
		{A9187D23-A168-4071-8CC9-CF50E336D14B}.Release|Any CPU.Build.0 = Release|Any CPU
		{A9187D23-A168-4071-8CC9-CF50E336D14B}.Release|Mixed Platforms.ActiveCfg = Release|Any CPU
		{A9187D23-A168-4071-8CC9-CF50E336D14B}.Release|Mixed Platforms.Build.0 = Release|Any CPU
		{A9187D23-A168-4071-8CC9-CF50E336D14B}.Release|x86.ActiveCfg = Release|Any CPU
		{0120ED5E-01CF-4B03-956E-087E7390873D}.Debug|Any CPU.ActiveCfg = Debug|x86
		{0120ED5E-01CF-4B03-956E-087E7390873D}.Debug|Any CPU.Build.0 = Debug|x86
		{0120ED5E-01CF-4B03-956E-087E7390873D}.Debug|Mixed Platforms.ActiveCfg = Debug|x86
		{0120ED5E-01CF-4B03-956E-087E7390873D}.Debug|Mixed Platforms.Build.0 = Debug|x86
		{0120ED5E-01CF-4B03-956E-087E7390873D}.Debug|x86.ActiveCfg = Debug|x86
		{0120ED5E-01CF-4B03-956E-087E7390873D}.Debug|x86.Build.0 = Debug|x86
		{0120ED5E-01CF-4B03-956E-087E7390873D}.Release|Any CPU.ActiveCfg = Release|x86
		{0120ED5E-01CF-4B03-956E-087E7390873D}.Release|Mixed Platforms.ActiveCfg = Release|x86
		{0120ED5E-01CF-4B03-956E-087E7390873D}.Release|Mixed Platforms.Build.0 = Release|x86
		{0120ED5E-01CF-4B03-956E-087E7390873D}.Release|x86.ActiveCfg = Release|x86
		{0120ED5E-01CF-4B03-956E-087E7390873D}.Release|x86.Build.0 = Release|x86
		{C5A2DCE5-BCBB-449C-8D7D-4812C7A8933B}.Debug|Any CPU.ActiveCfg = Debug|Any CPU
		{C5A2DCE5-BCBB-449C-8D7D-4812C7A8933B}.Debug|Any CPU.Build.0 = Debug|Any CPU
		{C5A2DCE5-BCBB-449C-8D7D-4812C7A8933B}.Debug|Mixed Platforms.ActiveCfg = Debug|Any CPU
		{C5A2DCE5-BCBB-449C-8D7D-4812C7A8933B}.Debug|Mixed Platforms.Build.0 = Debug|Any CPU
		{C5A2DCE5-BCBB-449C-8D7D-4812C7A8933B}.Debug|x86.ActiveCfg = Debug|Any CPU
		{C5A2DCE5-BCBB-449C-8D7D-4812C7A8933B}.Release|Any CPU.ActiveCfg = Release|Any CPU
		{C5A2DCE5-BCBB-449C-8D7D-4812C7A8933B}.Release|Any CPU.Build.0 = Release|Any CPU
		{C5A2DCE5-BCBB-449C-8D7D-4812C7A8933B}.Release|Mixed Platforms.ActiveCfg = Release|Any CPU
		{C5A2DCE5-BCBB-449C-8D7D-4812C7A8933B}.Release|Mixed Platforms.Build.0 = Release|Any CPU
		{C5A2DCE5-BCBB-449C-8D7D-4812C7A8933B}.Release|x86.ActiveCfg = Release|Any CPU
		{882D69C2-E58F-4F18-8EAC-36B1290F8535}.Debug|Any CPU.ActiveCfg = Debug|Any CPU
		{882D69C2-E58F-4F18-8EAC-36B1290F8535}.Debug|Any CPU.Build.0 = Debug|Any CPU
		{882D69C2-E58F-4F18-8EAC-36B1290F8535}.Debug|Mixed Platforms.ActiveCfg = Debug|Any CPU
		{882D69C2-E58F-4F18-8EAC-36B1290F8535}.Debug|Mixed Platforms.Build.0 = Debug|Any CPU
		{882D69C2-E58F-4F18-8EAC-36B1290F8535}.Debug|x86.ActiveCfg = Debug|Any CPU
		{882D69C2-E58F-4F18-8EAC-36B1290F8535}.Release|Any CPU.ActiveCfg = Release|Any CPU
		{882D69C2-E58F-4F18-8EAC-36B1290F8535}.Release|Any CPU.Build.0 = Release|Any CPU
		{882D69C2-E58F-4F18-8EAC-36B1290F8535}.Release|Mixed Platforms.ActiveCfg = Release|Any CPU
		{882D69C2-E58F-4F18-8EAC-36B1290F8535}.Release|Mixed Platforms.Build.0 = Release|Any CPU
		{882D69C2-E58F-4F18-8EAC-36B1290F8535}.Release|x86.ActiveCfg = Release|Any CPU
		{4AC87F34-3041-47AC-97E3-5CA6D0508C7E}.Debug|Any CPU.ActiveCfg = Debug|Any CPU
		{4AC87F34-3041-47AC-97E3-5CA6D0508C7E}.Debug|Any CPU.Build.0 = Debug|Any CPU
		{4AC87F34-3041-47AC-97E3-5CA6D0508C7E}.Debug|Mixed Platforms.ActiveCfg = Debug|Any CPU
		{4AC87F34-3041-47AC-97E3-5CA6D0508C7E}.Debug|Mixed Platforms.Build.0 = Debug|Any CPU
		{4AC87F34-3041-47AC-97E3-5CA6D0508C7E}.Debug|x86.ActiveCfg = Debug|Any CPU
		{4AC87F34-3041-47AC-97E3-5CA6D0508C7E}.Release|Any CPU.ActiveCfg = Release|Any CPU
		{4AC87F34-3041-47AC-97E3-5CA6D0508C7E}.Release|Any CPU.Build.0 = Release|Any CPU
		{4AC87F34-3041-47AC-97E3-5CA6D0508C7E}.Release|Mixed Platforms.ActiveCfg = Release|Any CPU
		{4AC87F34-3041-47AC-97E3-5CA6D0508C7E}.Release|Mixed Platforms.Build.0 = Release|Any CPU
		{4AC87F34-3041-47AC-97E3-5CA6D0508C7E}.Release|x86.ActiveCfg = Release|Any CPU
		{0D377E21-ED45-4AA8-9530-2FA2AC1E3F8A}.Debug|Any CPU.ActiveCfg = Debug|x86
		{0D377E21-ED45-4AA8-9530-2FA2AC1E3F8A}.Debug|Mixed Platforms.ActiveCfg = Debug|x86
		{0D377E21-ED45-4AA8-9530-2FA2AC1E3F8A}.Debug|Mixed Platforms.Build.0 = Debug|x86
		{0D377E21-ED45-4AA8-9530-2FA2AC1E3F8A}.Debug|x86.ActiveCfg = Debug|x86
		{0D377E21-ED45-4AA8-9530-2FA2AC1E3F8A}.Debug|x86.Build.0 = Debug|x86
		{0D377E21-ED45-4AA8-9530-2FA2AC1E3F8A}.Release|Any CPU.ActiveCfg = Release|x86
		{0D377E21-ED45-4AA8-9530-2FA2AC1E3F8A}.Release|Mixed Platforms.ActiveCfg = Release|x86
		{0D377E21-ED45-4AA8-9530-2FA2AC1E3F8A}.Release|Mixed Platforms.Build.0 = Release|x86
		{0D377E21-ED45-4AA8-9530-2FA2AC1E3F8A}.Release|x86.ActiveCfg = Release|x86
		{0D377E21-ED45-4AA8-9530-2FA2AC1E3F8A}.Release|x86.Build.0 = Release|x86
		{C976EDC2-D69E-46E4-826C-F038576B56D9}.Debug|Any CPU.ActiveCfg = Debug|Any CPU
		{C976EDC2-D69E-46E4-826C-F038576B56D9}.Debug|Any CPU.Build.0 = Debug|Any CPU
		{C976EDC2-D69E-46E4-826C-F038576B56D9}.Debug|Mixed Platforms.ActiveCfg = Debug|Any CPU
		{C976EDC2-D69E-46E4-826C-F038576B56D9}.Debug|Mixed Platforms.Build.0 = Debug|Any CPU
		{C976EDC2-D69E-46E4-826C-F038576B56D9}.Debug|x86.ActiveCfg = Debug|Any CPU
		{C976EDC2-D69E-46E4-826C-F038576B56D9}.Release|Any CPU.ActiveCfg = Release|Any CPU
		{C976EDC2-D69E-46E4-826C-F038576B56D9}.Release|Any CPU.Build.0 = Release|Any CPU
		{C976EDC2-D69E-46E4-826C-F038576B56D9}.Release|Mixed Platforms.ActiveCfg = Release|Any CPU
		{C976EDC2-D69E-46E4-826C-F038576B56D9}.Release|Mixed Platforms.Build.0 = Release|Any CPU
		{C976EDC2-D69E-46E4-826C-F038576B56D9}.Release|x86.ActiveCfg = Release|Any CPU
	EndGlobalSection
	GlobalSection(SolutionProperties) = preSolution
		HideSolutionNode = FALSE
	EndGlobalSection
EndGlobal
