
Microsoft Visual Studio Solution File, Format Version 11.00
# Visual Studio 2010
Project("{FAE04EC0-301F-11D3-BF4B-00C04F79EFBC}") = "InoSoft.Tools", "InoSoft.Tools\InoSoft.Tools.csproj", "{52CABCDD-0D54-4301-BCAE-100040B04133}"
EndProject
Project("{FAE04EC0-301F-11D3-BF4B-00C04F79EFBC}") = "InoSoft.Tools.Data", "InoSoft.Tools.Data\InoSoft.Tools.Data.csproj", "{EE3919A0-1A5B-4907-9767-AFDC5E1F1AEE}"
EndProject
Project("{FAE04EC0-301F-11D3-BF4B-00C04F79EFBC}") = "InoSoft.Tools.SqlVersion", "InoSoft.Tools.SqlVersion\InoSoft.Tools.SqlVersion.csproj", "{0120ED5E-01CF-4B03-956E-087E7390873D}"
EndProject
Project("{54435603-DBB4-11D2-8724-00A0C9A8B90C}") = "InoSoft.Tools.SqlVersion.Setup", "InoSoft.Tools.SqlVersion.Setup\InoSoft.Tools.SqlVersion.Setup.vdproj", "{F7248A6B-9D5D-408E-9ADF-521FEA18B224}"
EndProject
Global
	GlobalSection(SolutionConfigurationPlatforms) = preSolution
		Debug|Any CPU = Debug|Any CPU
		Debug|Mixed Platforms = Debug|Mixed Platforms
		Debug|x86 = Debug|x86
		Release|Any CPU = Release|Any CPU
		Release|Mixed Platforms = Release|Mixed Platforms
		Release|x86 = Release|x86
	EndGlobalSection
	GlobalSection(ProjectConfigurationPlatforms) = postSolution
		{52CABCDD-0D54-4301-BCAE-100040B04133}.Debug|Any CPU.ActiveCfg = Debug|Any CPU
		{52CABCDD-0D54-4301-BCAE-100040B04133}.Debug|Any CPU.Build.0 = Debug|Any CPU
		{52CABCDD-0D54-4301-BCAE-100040B04133}.Debug|Mixed Platforms.ActiveCfg = Debug|Any CPU
		{52CABCDD-0D54-4301-BCAE-100040B04133}.Debug|Mixed Platforms.Build.0 = Debug|Any CPU
		{52CABCDD-0D54-4301-BCAE-100040B04133}.Debug|x86.ActiveCfg = Debug|Any CPU
		{52CABCDD-0D54-4301-BCAE-100040B04133}.Release|Any CPU.ActiveCfg = Release|Any CPU
		{52CABCDD-0D54-4301-BCAE-100040B04133}.Release|Any CPU.Build.0 = Release|Any CPU
		{52CABCDD-0D54-4301-BCAE-100040B04133}.Release|Mixed Platforms.ActiveCfg = Release|Any CPU
		{52CABCDD-0D54-4301-BCAE-100040B04133}.Release|Mixed Platforms.Build.0 = Release|Any CPU
		{52CABCDD-0D54-4301-BCAE-100040B04133}.Release|x86.ActiveCfg = Release|Any CPU
		{EE3919A0-1A5B-4907-9767-AFDC5E1F1AEE}.Debug|Any CPU.ActiveCfg = Debug|Any CPU
		{EE3919A0-1A5B-4907-9767-AFDC5E1F1AEE}.Debug|Any CPU.Build.0 = Debug|Any CPU
		{EE3919A0-1A5B-4907-9767-AFDC5E1F1AEE}.Debug|Mixed Platforms.ActiveCfg = Debug|Any CPU
		{EE3919A0-1A5B-4907-9767-AFDC5E1F1AEE}.Debug|Mixed Platforms.Build.0 = Debug|Any CPU
		{EE3919A0-1A5B-4907-9767-AFDC5E1F1AEE}.Debug|x86.ActiveCfg = Debug|Any CPU
		{EE3919A0-1A5B-4907-9767-AFDC5E1F1AEE}.Release|Any CPU.ActiveCfg = Release|Any CPU
		{EE3919A0-1A5B-4907-9767-AFDC5E1F1AEE}.Release|Any CPU.Build.0 = Release|Any CPU
		{EE3919A0-1A5B-4907-9767-AFDC5E1F1AEE}.Release|Mixed Platforms.ActiveCfg = Release|Any CPU
		{EE3919A0-1A5B-4907-9767-AFDC5E1F1AEE}.Release|Mixed Platforms.Build.0 = Release|Any CPU
		{EE3919A0-1A5B-4907-9767-AFDC5E1F1AEE}.Release|x86.ActiveCfg = Release|Any CPU
		{0120ED5E-01CF-4B03-956E-087E7390873D}.Debug|Any CPU.ActiveCfg = Debug|x86
		{0120ED5E-01CF-4B03-956E-087E7390873D}.Debug|Mixed Platforms.ActiveCfg = Debug|x86
		{0120ED5E-01CF-4B03-956E-087E7390873D}.Debug|Mixed Platforms.Build.0 = Debug|x86
		{0120ED5E-01CF-4B03-956E-087E7390873D}.Debug|x86.ActiveCfg = Debug|x86
		{0120ED5E-01CF-4B03-956E-087E7390873D}.Debug|x86.Build.0 = Debug|x86
		{0120ED5E-01CF-4B03-956E-087E7390873D}.Release|Any CPU.ActiveCfg = Release|x86
		{0120ED5E-01CF-4B03-956E-087E7390873D}.Release|Mixed Platforms.ActiveCfg = Release|x86
		{0120ED5E-01CF-4B03-956E-087E7390873D}.Release|Mixed Platforms.Build.0 = Release|x86
		{0120ED5E-01CF-4B03-956E-087E7390873D}.Release|x86.ActiveCfg = Release|x86
		{0120ED5E-01CF-4B03-956E-087E7390873D}.Release|x86.Build.0 = Release|x86
		{F7248A6B-9D5D-408E-9ADF-521FEA18B224}.Debug|Any CPU.ActiveCfg = Debug
		{F7248A6B-9D5D-408E-9ADF-521FEA18B224}.Debug|Mixed Platforms.ActiveCfg = Debug
		{F7248A6B-9D5D-408E-9ADF-521FEA18B224}.Debug|x86.ActiveCfg = Debug
		{F7248A6B-9D5D-408E-9ADF-521FEA18B224}.Release|Any CPU.ActiveCfg = Release
		{F7248A6B-9D5D-408E-9ADF-521FEA18B224}.Release|Mixed Platforms.ActiveCfg = Release
		{F7248A6B-9D5D-408E-9ADF-521FEA18B224}.Release|x86.ActiveCfg = Release
	EndGlobalSection
	GlobalSection(SolutionProperties) = preSolution
		HideSolutionNode = FALSE
	EndGlobalSection
EndGlobal
