
Microsoft Visual Studio Solution File, Format Version 11.00
# Visual Studio 2010
Project("{FAE04EC0-301F-11D3-BF4B-00C04F79EFBC}") = "InoSoft.Tools", ".\InoSoft.Tools\InoSoft.Tools.csproj", "{52CABCDD-0D54-4301-BCAE-100040B04133}"
EndProject
Project("{FAE04EC0-301F-11D3-BF4B-00C04F79EFBC}") = "InoSoft.Tools.Data", ".\InoSoft.Tools.Data\InoSoft.Tools.Data.csproj", "{EE3919A0-1A5B-4907-9767-AFDC5E1F1AEE}"
EndProject
Project("{FAE04EC0-301F-11D3-BF4B-00C04F79EFBC}") = "InoSoft.Tools.Data.Test", ".\InoSoft.Tools.Data.Test\InoSoft.Tools.Data.Test.csproj", "{F5FC4A14-A16C-44D7-9556-D2B7CD1BDCBC}"
EndProject
Project("{FAE04EC0-301F-11D3-BF4B-00C04F79EFBC}") = "InoSoft.Tools.Net", ".\InoSoft.Tools.Net\InoSoft.Tools.Net.csproj", "{A9187D23-A168-4071-8CC9-CF50E336D14B}"
EndProject
Global
	GlobalSection(SolutionConfigurationPlatforms) = preSolution
		Debug|Any CPU = Debug|Any CPU
		Release|Any CPU = Release|Any CPU
	EndGlobalSection
	GlobalSection(ProjectConfigurationPlatforms) = postSolution
		{52CABCDD-0D54-4301-BCAE-100040B04133}.Debug|Any CPU.ActiveCfg = Debug|Any CPU
		{52CABCDD-0D54-4301-BCAE-100040B04133}.Debug|Any CPU.Build.0 = Debug|Any CPU
		{52CABCDD-0D54-4301-BCAE-100040B04133}.Release|Any CPU.ActiveCfg = Release|Any CPU
		{52CABCDD-0D54-4301-BCAE-100040B04133}.Release|Any CPU.Build.0 = Release|Any CPU
		{EE3919A0-1A5B-4907-9767-AFDC5E1F1AEE}.Debug|Any CPU.ActiveCfg = Debug|Any CPU
		{EE3919A0-1A5B-4907-9767-AFDC5E1F1AEE}.Debug|Any CPU.Build.0 = Debug|Any CPU
		{EE3919A0-1A5B-4907-9767-AFDC5E1F1AEE}.Release|Any CPU.ActiveCfg = Release|Any CPU
		{EE3919A0-1A5B-4907-9767-AFDC5E1F1AEE}.Release|Any CPU.Build.0 = Release|Any CPU
		{F5FC4A14-A16C-44D7-9556-D2B7CD1BDCBC}.Debug|Any CPU.ActiveCfg = Debug|Any CPU
		{F5FC4A14-A16C-44D7-9556-D2B7CD1BDCBC}.Debug|Any CPU.Build.0 = Debug|Any CPU
		{F5FC4A14-A16C-44D7-9556-D2B7CD1BDCBC}.Release|Any CPU.ActiveCfg = Release|Any CPU
		{F5FC4A14-A16C-44D7-9556-D2B7CD1BDCBC}.Release|Any CPU.Build.0 = Release|Any CPU
		{A9187D23-A168-4071-8CC9-CF50E336D14B}.Debug|Any CPU.ActiveCfg = Debug|Any CPU
		{A9187D23-A168-4071-8CC9-CF50E336D14B}.Debug|Any CPU.Build.0 = Debug|Any CPU
		{A9187D23-A168-4071-8CC9-CF50E336D14B}.Release|Any CPU.ActiveCfg = Release|Any CPU
		{A9187D23-A168-4071-8CC9-CF50E336D14B}.Release|Any CPU.Build.0 = Release|Any CPU
	EndGlobalSection
	GlobalSection(SolutionProperties) = preSolution
		HideSolutionNode = FALSE
	EndGlobalSection
EndGlobal
